
Microsoft Visual Studio Solution File, Format Version 11.00
# Visual Studio 2010
Project("{FAE04EC0-301F-11D3-BF4B-00C04F79EFBC}") = "SwitchWhileDoWhile", "SwitchWhileDoWhile\SwitchWhileDoWhile.csproj", "{90635258-466D-425B-925C-4E3D0D4F809F}"
EndProject
Global
	GlobalSection(SolutionConfigurationPlatforms) = preSolution
		Debug|x86 = Debug|x86
		Release|x86 = Release|x86
	EndGlobalSection
	GlobalSection(ProjectConfigurationPlatforms) = postSolution
		{90635258-466D-425B-925C-4E3D0D4F809F}.Debug|x86.ActiveCfg = Debug|x86
		{90635258-466D-425B-925C-4E3D0D4F809F}.Debug|x86.Build.0 = Debug|x86
		{90635258-466D-425B-925C-4E3D0D4F809F}.Release|x86.ActiveCfg = Release|x86
		{90635258-466D-425B-925C-4E3D0D4F809F}.Release|x86.Build.0 = Release|x86
	EndGlobalSection
	GlobalSection(SolutionProperties) = preSolution
		HideSolutionNode = FALSE
	EndGlobalSection
EndGlobal
